{
  "name": "ssb-ws",
  "version": "2.1.1",
  "lockfileVersion": 1,
  "requires": true,
  "dependencies": {
    "chloride": {
      "version": "2.2.9",
      "resolved": "https://registry.npmjs.org/chloride/-/chloride-2.2.9.tgz",
      "integrity": "sha512-5nXmworu/Mwelj96V1ho+vKSnb68oyZieoMeit5iUPQquIBypThYH2mpXcXnztN9ahV3xvOXvLpn3gGpIxHjrg==",
      "requires": {
        "is-electron": "^2.0.0",
        "sodium-browserify": "^1.2.4",
        "sodium-browserify-tweetnacl": "^0.2.2",
        "sodium-chloride": "^1.1.0",
        "sodium-native": "^2.0.0"
      }
    },
    "chloride-test": {
      "version": "1.2.2",
      "resolved": "https://registry.npmjs.org/chloride-test/-/chloride-test-1.2.2.tgz",
      "integrity": "sha1-F4aGqF6SeARREulujHkXk/mhCuo=",
      "requires": {
        "json-buffer": "^2.0.11"
      }
    },
    "deep-equal": {
      "version": "1.0.1",
      "resolved": "https://registry.npmjs.org/deep-equal/-/deep-equal-1.0.1.tgz",
      "integrity": "sha1-9dJgKStmDghO/0zbyfCK0yR0SLU="
    },
    "ed2curve": {
      "version": "0.1.4",
      "resolved": "https://registry.npmjs.org/ed2curve/-/ed2curve-0.1.4.tgz",
      "integrity": "sha1-lKRCSLuH2jXbDv968KpXYWgRf1k=",
      "requires": {
        "tweetnacl": "0.x.x"
      }
    },
    "emoji-named-characters": {
      "version": "1.0.2",
      "resolved": "https://registry.npmjs.org/emoji-named-characters/-/emoji-named-characters-1.0.2.tgz",
      "integrity": "sha1-zes20OZgAsS5178d+8Ohmft9QJs="
    },
    "emoji-server": {
      "version": "1.0.0",
      "resolved": "https://registry.npmjs.org/emoji-server/-/emoji-server-1.0.0.tgz",
      "integrity": "sha1-0GPP7prxGMxa7vvC6bPdUIWBXGM=",
      "requires": {
        "emoji-named-characters": "~1.0.2"
      }
    },
    "explain-error": {
      "version": "1.0.4",
      "resolved": "https://registry.npmjs.org/explain-error/-/explain-error-1.0.4.tgz",
      "integrity": "sha1-p5PTrAytTGq1cemWj7urbLJTKSk="
    },
    "increment-buffer": {
      "version": "1.0.1",
      "resolved": "https://registry.npmjs.org/increment-buffer/-/increment-buffer-1.0.1.tgz",
      "integrity": "sha1-ZQdtdRidgIs5rROrW5WOBSFvng0="
    },
    "inherits": {
      "version": "2.0.3",
      "resolved": "https://registry.npmjs.org/inherits/-/inherits-2.0.3.tgz",
      "integrity": "sha1-Yzwsg+PaQqUC9SRmAiSA9CCCYd4="
    },
    "ini": {
      "version": "1.3.5",
      "resolved": "https://registry.npmjs.org/ini/-/ini-1.3.5.tgz",
      "integrity": "sha512-RZY5huIKCMRWDUqZlEi72f/lmXKMvuszcMBduliQ3nnWbx9X/ZBQO7DijMEYS9EhHBb2qacRUMtC7svLwe0lcw==",
      "optional": true
    },
    "ip": {
      "version": "1.1.5",
      "resolved": "https://registry.npmjs.org/ip/-/ip-1.1.5.tgz",
      "integrity": "sha1-vd7XARQpCCjAoDnnLvJfWq7ENUo="
    },
    "is-electron": {
      "version": "2.1.0",
      "resolved": "https://registry.npmjs.org/is-electron/-/is-electron-2.1.0.tgz",
      "integrity": "sha512-dkg5xT383+M6zIbbXW/z7n2nz4SFUi2OSyhntnFYkRdtV+HVEfdjEK+5AWisfYgkpe3WYjTIuh7toaKmSfFVWw=="
    },
    "is-valid-domain": {
      "version": "0.0.5",
      "resolved": "https://registry.npmjs.org/is-valid-domain/-/is-valid-domain-0.0.5.tgz",
      "integrity": "sha1-SOcDGfy0MAkjbpazf5hDiJzntRM="
    },
    "json-buffer": {
      "version": "2.0.11",
      "resolved": "https://registry.npmjs.org/json-buffer/-/json-buffer-2.0.11.tgz",
      "integrity": "sha1-PkQf2jCYvo0eMXGtWRvGKjPi1V8="
    },
    "libsodium": {
      "version": "0.7.3",
      "resolved": "https://registry.npmjs.org/libsodium/-/libsodium-0.7.3.tgz",
      "integrity": "sha512-ld+deUNqSsZYbAobUs63UyduPq8ICp/Ul/5lbvBIYpuSNWpPRU0PIxbW+xXipVZtuopR6fIz9e0tTnNuPMNeqw=="
    },
    "libsodium-wrappers": {
      "version": "0.7.3",
      "resolved": "https://registry.npmjs.org/libsodium-wrappers/-/libsodium-wrappers-0.7.3.tgz",
      "integrity": "sha512-dw5Jh6TZ5qc5rQVZe3JrSO/J05CE+DmAPnqD7Q2glBUE969xZ6o3fchnUxyPlp6ss3x0MFxmdJntveFN+XTg1g==",
      "requires": {
        "libsodium": "0.7.3"
      }
    },
    "looper": {
      "version": "3.0.0",
      "resolved": "https://registry.npmjs.org/looper/-/looper-3.0.0.tgz",
      "integrity": "sha1-LvpUw7HLq6m5Su4uWRSwvlf7t0k="
    },
    "mime-db": {
      "version": "1.33.0",
      "resolved": "https://registry.npmjs.org/mime-db/-/mime-db-1.33.0.tgz",
      "integrity": "sha512-BHJ/EKruNIqJf/QahvxwQZXKygOQ256myeN/Ew+THcAa5q+PjyTTMMeNQC4DZw5AwfvelsUrA6B67NKMqXDbzQ=="
    },
    "mime-types": {
      "version": "2.1.18",
      "resolved": "https://registry.npmjs.org/mime-types/-/mime-types-2.1.18.tgz",
      "integrity": "sha512-lc/aahn+t4/SWV/qcmumYjymLsWfN3ELhpmVuUFjgsORruuZPVSwAQryq+HHGvO/SI2KVX26bx+En+zhM8g8hQ==",
      "requires": {
        "mime-db": "~1.33.0"
      }
    },
    "multiblob-http": {
      "version": "0.4.1",
      "resolved": "https://registry.npmjs.org/multiblob-http/-/multiblob-http-0.4.1.tgz",
      "integrity": "sha512-Thr29/ss2A7Uu3RN/pl04zF1u/qrK+DUszdIQ66Zf3xfoaw2KU5NUcBQc6TVcB0KCLcO1PQRmoScndpTTabgEg==",
      "requires": {
        "pull-stream": "^3.4.3",
        "stream-to-pull-stream": "^1.7.0"
      },
      "dependencies": {
        "pull-stream": {
          "version": "3.6.7",
          "resolved": "https://registry.npmjs.org/pull-stream/-/pull-stream-3.6.7.tgz",
          "integrity": "sha512-XdE2/o1I2lK7A+sbbA/HjYnd5Xk7wL5CwAKzqHIgcBsluDb0LiKHNTl1K0it3/RKPshQljLf4kl1aJ12YsCCGQ=="
        }
      }
    },
    "multiserver": {
      "version": "1.11.2",
      "resolved": "https://registry.npmjs.org/multiserver/-/multiserver-1.11.2.tgz",
      "integrity": "sha512-CpLmMJpbkM7tJkMzHez0b9mQGOll3TgsTHGKF8T++gGLhB0SYPpHn5QAm89ktCrvuN5RZY7DewPJ1/hptShirw==",
      "requires": {
        "pull-cat": "~1.1.5",
        "pull-stream": "^3.6.1",
        "pull-ws": "^3.3.0",
        "secret-handshake": "^1.1.12",
        "separator-escape": "0.0.0",
        "socks": "1.1.9",
        "stream-to-pull-stream": "^1.7.2"
      },
      "dependencies": {
        "pull-stream": {
          "version": "3.6.7",
          "resolved": "https://registry.npmjs.org/pull-stream/-/pull-stream-3.6.7.tgz",
          "integrity": "sha512-XdE2/o1I2lK7A+sbbA/HjYnd5Xk7wL5CwAKzqHIgcBsluDb0LiKHNTl1K0it3/RKPshQljLf4kl1aJ12YsCCGQ=="
        }
      }
    },
    "muxrpc": {
      "version": "6.4.0",
      "resolved": "https://registry.npmjs.org/muxrpc/-/muxrpc-6.4.0.tgz",
      "integrity": "sha1-JPfaBpvUYpsHfpk7BXeUKyaI6ug=",
      "requires": {
        "explain-error": "^1.0.1",
        "packet-stream": "~2.0.0",
        "packet-stream-codec": "^1.1.1",
        "pull-goodbye": "~0.0.1",
        "pull-stream": "^3.2.3"
      },
      "dependencies": {
        "pull-stream": {
          "version": "3.6.7",
          "resolved": "https://registry.npmjs.org/pull-stream/-/pull-stream-3.6.7.tgz",
          "integrity": "sha512-XdE2/o1I2lK7A+sbbA/HjYnd5Xk7wL5CwAKzqHIgcBsluDb0LiKHNTl1K0it3/RKPshQljLf4kl1aJ12YsCCGQ=="
        }
      }
    },
    "nan": {
      "version": "2.10.0",
      "resolved": "https://registry.npmjs.org/nan/-/nan-2.10.0.tgz",
      "integrity": "sha512-bAdJv7fBLhWC+/Bls0Oza+mvTaNQtP+1RyhhhvD95pgUJz6XM5IzgmxOkItJ9tkoCiplvAnXI1tNmmUD/eScyA==",
      "optional": true
    },
    "node-gyp-build": {
      "version": "3.3.0",
      "resolved": "https://registry.npmjs.org/node-gyp-build/-/node-gyp-build-3.3.0.tgz",
      "integrity": "sha512-SNtBzznpPggc7mY8XTfnYBywd9OGN99bwnxGKFqud9erYJMbwnJn6B8HXER2dy8iOYr6Nf2SzBQoJjV8gdM4Nw==",
      "optional": true
    },
    "options": {
      "version": "0.0.6",
      "resolved": "https://registry.npmjs.org/options/-/options-0.0.6.tgz",
      "integrity": "sha1-7CLTEoBrtT5zF3Pnza788cZDEo8="
    },
    "packet-stream": {
      "version": "2.0.4",
      "resolved": "https://registry.npmjs.org/packet-stream/-/packet-stream-2.0.4.tgz",
      "integrity": "sha512-7+oxHdMMs6VhLvvbrDUc8QNuelE9fPKLDdToXBIKLPKOlnoBeMim+/35edp+AnFTLzk3xcogVvQ/jrZyyGsEiw=="
    },
    "packet-stream-codec": {
      "version": "1.1.2",
      "resolved": "https://registry.npmjs.org/packet-stream-codec/-/packet-stream-codec-1.1.2.tgz",
      "integrity": "sha1-ebMC/BRM37tKtv66cEDmpdmcecc=",
      "requires": {
        "pull-reader": "^1.2.4",
        "pull-through": "^1.0.17"
      }
    },
    "pull-box-stream": {
      "version": "1.0.13",
      "resolved": "https://registry.npmjs.org/pull-box-stream/-/pull-box-stream-1.0.13.tgz",
      "integrity": "sha1-w+JAOY6rP1lRsu0QeMWYi/egork=",
      "requires": {
        "chloride": "^2.2.7",
        "increment-buffer": "~1.0.0",
        "pull-reader": "^1.2.5",
        "pull-stream": "^3.2.3",
        "pull-through": "^1.0.18",
        "split-buffer": "~1.0.0"
      },
      "dependencies": {
        "pull-stream": {
          "version": "3.6.7",
          "resolved": "https://registry.npmjs.org/pull-stream/-/pull-stream-3.6.7.tgz",
          "integrity": "sha512-XdE2/o1I2lK7A+sbbA/HjYnd5Xk7wL5CwAKzqHIgcBsluDb0LiKHNTl1K0it3/RKPshQljLf4kl1aJ12YsCCGQ=="
        }
      }
    },
    "pull-cat": {
      "version": "1.1.11",
      "resolved": "https://registry.npmjs.org/pull-cat/-/pull-cat-1.1.11.tgz",
      "integrity": "sha1-tkLdElXaN2pwa220+pYvX9t0wxs="
    },
    "pull-core": {
      "version": "1.1.0",
      "resolved": "https://registry.npmjs.org/pull-core/-/pull-core-1.1.0.tgz",
      "integrity": "sha1-PYEn1trBR1cFyYAJYfWdZsgEbIo="
    },
    "pull-goodbye": {
      "version": "0.0.2",
      "resolved": "https://registry.npmjs.org/pull-goodbye/-/pull-goodbye-0.0.2.tgz",
      "integrity": "sha1-jYNX21XiKnEN//DxaoyQtF7+QXE=",
      "requires": {
        "pull-stream": "~3.5.0"
      },
      "dependencies": {
        "pull-stream": {
          "version": "3.5.0",
          "resolved": "https://registry.npmjs.org/pull-stream/-/pull-stream-3.5.0.tgz",
          "integrity": "sha1-HuW292/Ts6SaWvtt7VwDIKyzz8c="
        }
      }
    },
    "pull-handshake": {
      "version": "1.1.4",
      "resolved": "https://registry.npmjs.org/pull-handshake/-/pull-handshake-1.1.4.tgz",
      "integrity": "sha1-YACg/QGIhM39c3JU+Mxgqypjd5E=",
      "requires": {
        "pull-cat": "^1.1.9",
        "pull-pair": "~1.1.0",
        "pull-pushable": "^2.0.0",
        "pull-reader": "^1.2.3"
      }
    },
    "pull-identify-filetype": {
      "version": "1.1.0",
      "resolved": "https://registry.npmjs.org/pull-identify-filetype/-/pull-identify-filetype-1.1.0.tgz",
      "integrity": "sha1-X5mvFeiEbUjs9iXtwkjsLPV/aw0=",
      "requires": {
        "pull-stream": "^2.28.2"
      }
    },
    "pull-pair": {
      "version": "1.1.0",
      "resolved": "https://registry.npmjs.org/pull-pair/-/pull-pair-1.1.0.tgz",
      "integrity": "sha1-fuQnJj/fTaglOXrAoF4atLdL120="
    },
    "pull-pushable": {
      "version": "2.2.0",
      "resolved": "https://registry.npmjs.org/pull-pushable/-/pull-pushable-2.2.0.tgz",
      "integrity": "sha1-Xy867UethpGfAbEqLpnW8b13ZYE="
    },
    "pull-reader": {
      "version": "1.2.9",
      "resolved": "https://registry.npmjs.org/pull-reader/-/pull-reader-1.2.9.tgz",
      "integrity": "sha1-0umtALz7VOYqpm1Cwtu8tetoQ7A="
    },
    "pull-stream": {
      "version": "2.28.4",
      "resolved": "https://registry.npmjs.org/pull-stream/-/pull-stream-2.28.4.tgz",
      "integrity": "sha1-fql0E8FhnCC8O9+eEOkTR7AyU+Q=",
      "requires": {
        "pull-core": "~1.1.0"
      }
    },
    "pull-through": {
      "version": "1.0.18",
      "resolved": "https://registry.npmjs.org/pull-through/-/pull-through-1.0.18.tgz",
      "integrity": "sha1-jdYjFCY+Wc9Qlur7sSeitu8xBzU=",
      "requires": {
        "looper": "~3.0.0"
      }
    },
    "pull-ws": {
      "version": "3.3.1",
      "resolved": "https://registry.npmjs.org/pull-ws/-/pull-ws-3.3.1.tgz",
      "integrity": "sha512-kJodbLQT+oKjcRIQO+vQNw6xWBuEo7Kxp51VMOvb6cvPvHYA+aNLzm+NmkB/5dZwbuTRYGMal9QPvH52tzM1ZA==",
      "requires": {
        "relative-url": "^1.0.2",
        "safe-buffer": "^5.1.1",
        "ws": "^1.1.0"
      }
    },
    "relative-url": {
      "version": "1.0.2",
      "resolved": "https://registry.npmjs.org/relative-url/-/relative-url-1.0.2.tgz",
      "integrity": "sha1-0hxSpy1gYQGLzun5yfwQa/fWUoc="
    },
    "safe-buffer": {
      "version": "5.1.1",
      "resolved": "https://registry.npmjs.org/safe-buffer/-/safe-buffer-5.1.1.tgz",
      "integrity": "sha512-kKvNJn6Mm93gAczWVJg7wH+wGYWNrDHdWvpUmHyEsgCtIwwo3bqPtV4tR5tuPaUhTOo/kvhVwd8XwwOllGYkbg=="
    },
    "secret-handshake": {
      "version": "1.1.13",
      "resolved": "https://registry.npmjs.org/secret-handshake/-/secret-handshake-1.1.13.tgz",
      "integrity": "sha512-jDpA1kPJGg+jEUOZGvqksQFGPWIx0aA96HpjU+AqIBKIKzmvZeOq0Lfl/XqVC5jviWTVZZM2B8+NqYR38Blz8A==",
      "requires": {
        "chloride": "^2.2.7",
        "deep-equal": "~1.0.0",
        "pull-box-stream": "^1.0.13",
        "pull-handshake": "^1.1.1",
        "pull-stream": "^3.4.5"
      },
      "dependencies": {
        "pull-stream": {
          "version": "3.6.7",
          "resolved": "https://registry.npmjs.org/pull-stream/-/pull-stream-3.6.7.tgz",
          "integrity": "sha512-XdE2/o1I2lK7A+sbbA/HjYnd5Xk7wL5CwAKzqHIgcBsluDb0LiKHNTl1K0it3/RKPshQljLf4kl1aJ12YsCCGQ=="
        }
      }
    },
    "separator-escape": {
      "version": "0.0.0",
      "resolved": "https://registry.npmjs.org/separator-escape/-/separator-escape-0.0.0.tgz",
      "integrity": "sha1-5DNnaTICBFTjwUhwxRfqHeVsL6Q="
    },
    "sha.js": {
      "version": "2.4.5",
      "resolved": "https://registry.npmjs.org/sha.js/-/sha.js-2.4.5.tgz",
      "integrity": "sha1-J9Fx78yCoRi5ljn/WBZgJCtQbnw=",
      "requires": {
        "inherits": "^2.0.1"
      }
    },
    "smart-buffer": {
      "version": "1.1.15",
      "resolved": "https://registry.npmjs.org/smart-buffer/-/smart-buffer-1.1.15.tgz",
      "integrity": "sha1-fxFLW2X6s+KjWqd1uxLw0cZJvxY="
    },
    "socks": {
      "version": "1.1.9",
      "resolved": "https://registry.npmjs.org/socks/-/socks-1.1.9.tgz",
      "integrity": "sha1-Yo1+TQSRJDVEWsC25Fk3bLPm1pE=",
      "requires": {
        "ip": "^1.1.2",
        "smart-buffer": "^1.0.4"
      }
    },
    "sodium-browserify": {
      "version": "1.2.4",
      "resolved": "https://registry.npmjs.org/sodium-browserify/-/sodium-browserify-1.2.4.tgz",
      "integrity": "sha512-IYcxKje/uf/c3a7VhZYJLlUxWMcktfbD4AjqHjUD1/VWKjj0Oq5wNbX8wjJOWVO9UhUMqJQiOn2xFbzKWBmy5w==",
      "requires": {
        "libsodium-wrappers": "^0.7.3",
        "sha.js": "2.4.5",
        "sodium-browserify-tweetnacl": "^0.2.3",
        "tweetnacl": "^0.14.1"
      }
    },
    "sodium-browserify-tweetnacl": {
      "version": "0.2.3",
      "resolved": "https://registry.npmjs.org/sodium-browserify-tweetnacl/-/sodium-browserify-tweetnacl-0.2.3.tgz",
      "integrity": "sha1-tVN//LufdOvEQ7i2ohGykej8vI4=",
      "requires": {
        "chloride-test": "^1.1.0",
        "ed2curve": "^0.1.4",
        "sha.js": "^2.4.8",
        "tweetnacl": "^0.14.1",
        "tweetnacl-auth": "^0.3.0"
      },
      "dependencies": {
        "sha.js": {
          "version": "2.4.11",
          "resolved": "https://registry.npmjs.org/sha.js/-/sha.js-2.4.11.tgz",
          "integrity": "sha512-QMEp5B7cftE7APOjk5Y6xgrbWu+WkLVQwk8JNjZ8nKRciZaByEW6MubieAiToS7+dwvrjGhH8jRXz3MVd0AYqQ==",
          "requires": {
            "inherits": "^2.0.1",
            "safe-buffer": "^5.0.1"
          }
        }
      }
    },
    "sodium-chloride": {
      "version": "1.1.0",
      "resolved": "https://registry.npmjs.org/sodium-chloride/-/sodium-chloride-1.1.0.tgz",
      "integrity": "sha1-JHojS4iGf23/UTMrYF8ZOmW/aDk="
    },
    "sodium-native": {
      "version": "2.1.5",
      "resolved": "https://registry.npmjs.org/sodium-native/-/sodium-native-2.1.5.tgz",
      "integrity": "sha512-We1ANTbM/iWeHbIpCFo5Nd95pwsLHRjH6h6hg2tlKjKDFUBFsVDk+ewlNjK2CRejpQtimD0GOexT0N/TO5PG2Q==",
      "optional": true,
      "requires": {
        "ini": "^1.3.5",
        "nan": "^2.4.0",
        "node-gyp-build": "^3.0.0"
      }
    },
    "split-buffer": {
      "version": "1.0.0",
      "resolved": "https://registry.npmjs.org/split-buffer/-/split-buffer-1.0.0.tgz",
      "integrity": "sha1-t+jgq1E0UVi3LB9tvvJAbVHx0Cc="
    },
    "ssb-ref": {
      "version": "2.9.1",
      "resolved": "https://registry.npmjs.org/ssb-ref/-/ssb-ref-2.9.1.tgz",
      "integrity": "sha1-YIYXE9gMERqaUq6DCZ4zGvzbv2s=",
      "requires": {
        "ip": "^1.1.3",
        "is-valid-domain": "~0.0.1"
      }
    },
    "stack": {
      "version": "0.1.0",
      "resolved": "https://registry.npmjs.org/stack/-/stack-0.1.0.tgz",
      "integrity": "sha1-6SNZipvlHmF2gsshzxsoGKRJraI="
    },
    "stream-to-pull-stream": {
      "version": "1.7.2",
      "resolved": "https://registry.npmjs.org/stream-to-pull-stream/-/stream-to-pull-stream-1.7.2.tgz",
      "integrity": "sha1-dXYJrhzr0zx0MtSvvjH/eGULnd4=",
      "requires": {
        "looper": "^3.0.0",
        "pull-stream": "^3.2.3"
      },
      "dependencies": {
        "pull-stream": {
          "version": "3.6.7",
          "resolved": "https://registry.npmjs.org/pull-stream/-/pull-stream-3.6.7.tgz",
          "integrity": "sha512-XdE2/o1I2lK7A+sbbA/HjYnd5Xk7wL5CwAKzqHIgcBsluDb0LiKHNTl1K0it3/RKPshQljLf4kl1aJ12YsCCGQ=="
        }
      }
    },
    "tweetnacl": {
      "version": "0.14.5",
      "resolved": "https://registry.npmjs.org/tweetnacl/-/tweetnacl-0.14.5.tgz",
      "integrity": "sha1-WuaBd/GS1EViadEIr6k/+HQ/T2Q="
    },
    "tweetnacl-auth": {
      "version": "0.3.1",
      "resolved": "https://registry.npmjs.org/tweetnacl-auth/-/tweetnacl-auth-0.3.1.tgz",
      "integrity": "sha1-t1vC3xVkm7hOi5qjwGacbEvODSU=",
      "requires": {
        "tweetnacl": "0.x.x"
      }
    },
    "ultron": {
      "version": "1.0.2",
      "resolved": "https://registry.npmjs.org/ultron/-/ultron-1.0.2.tgz",
      "integrity": "sha1-rOEWq1V80Zc4ak6I9GhTeMiy5Po="
    },
    "ws": {
      "version": "1.1.5",
      "resolved": "https://registry.npmjs.org/ws/-/ws-1.1.5.tgz",
      "integrity": "sha512-o3KqipXNUdS7wpQzBHSe180lBGO60SoK0yVo3CYJgb2MkobuWuBX6dhkYP5ORCLd55y+SaflMOV5fqAB53ux4w==",
      "requires": {
        "options": ">=0.0.5",
        "ultron": "1.0.x"
      }
    }
  }
}
